
Microsoft Visual Studio Solution File, Format Version 12.00
# Visual Studio Version 16
VisualStudioVersion = 16.0.29403.142
MinimumVisualStudioVersion = 10.0.40219.1
Project("{FAE04EC0-301F-11D3-BF4B-00C04F79EFBC}") = "RiBook.Api", "RiBook.Api\RiBook.Api.csproj", "{A9208E60-3D33-404E-9539-E3CBACDD6ECC}"
EndProject
Global
	GlobalSection(SolutionConfigurationPlatforms) = preSolution
		Debug|Any CPU = Debug|Any CPU
		Release|Any CPU = Release|Any CPU
	EndGlobalSection
	GlobalSection(ProjectConfigurationPlatforms) = postSolution
		{A9208E60-3D33-404E-9539-E3CBACDD6ECC}.Debug|Any CPU.ActiveCfg = Debug|Any CPU
		{A9208E60-3D33-404E-9539-E3CBACDD6ECC}.Debug|Any CPU.Build.0 = Debug|Any CPU
		{A9208E60-3D33-404E-9539-E3CBACDD6ECC}.Release|Any CPU.ActiveCfg = Release|Any CPU
		{A9208E60-3D33-404E-9539-E3CBACDD6ECC}.Release|Any CPU.Build.0 = Release|Any CPU
	EndGlobalSection
	GlobalSection(SolutionProperties) = preSolution
		HideSolutionNode = FALSE
	EndGlobalSection
	GlobalSection(ExtensibilityGlobals) = postSolution
		SolutionGuid = {7FE8AFD0-2548-405B-9DF9-10C7B60F61A1}
	EndGlobalSection
EndGlobal
